
Microsoft Visual Studio Solution File, Format Version 12.00
# Visual Studio Version 17
VisualStudioVersion = 17.0.31815.197
MinimumVisualStudioVersion = 10.0.40219.1
Project("{2150E333-8FDC-42A3-9474-1A3956D46DE8}") = "tests", "tests", "{B31B4797-1D9F-4288-808C-BE9A31A98C7D}"
EndProject
Project("{2150E333-8FDC-42A3-9474-1A3956D46DE8}") = "Solution Items", "Solution Items", "{250F283E-FE2F-4BBD-9E63-A2265B84E23F}"
	ProjectSection(SolutionItems) = preProject
		.editorconfig = .editorconfig
		CleanArchitecture.nuspec = CleanArchitecture.nuspec
		Directory.Build.props = Directory.Build.props
		Directory.Packages.props = Directory.Packages.props
	EndProjectSection
EndProject
Project("{9A19103F-16F7-4668-BE54-9A1E7A4F7556}") = "CVParser.FunctionalTests", "tests\CVParser.FunctionalTests\CVParser.FunctionalTests.csproj", "{7D84EFEE-A7D9-44AD-A0A3-38EC7882D94C}"
EndProject
Project("{9A19103F-16F7-4668-BE54-9A1E7A4F7556}") = "CVParser.IntegrationTests", "tests\CVParser.IntegrationTests\CVParser.IntegrationTests.csproj", "{0776DC14-9000-47A4-A3F4-ECBCF8CEBC17}"
EndProject
Project("{9A19103F-16F7-4668-BE54-9A1E7A4F7556}") = "CVParser.UnitTests", "tests\CVParser.UnitTests\CVParser.UnitTests.csproj", "{1DC7F5A0-DDF7-4975-84EB-05F4FC1B6AB5}"
EndProject
Project("{9A19103F-16F7-4668-BE54-9A1E7A4F7556}") = "RP.Library", "CVParser\RP.Library\RP.Library.csproj", "{6D9B0B6D-221C-4D17-BB5F-EC7ECFED53C7}"
EndProject
Project("{9A19103F-16F7-4668-BE54-9A1E7A4F7556}") = "RP.Testing", "RP.Testing\RP.Testing.csproj", "{462D604D-97B7-4750-8AAD-C300218CD3F5}"
EndProject
Project("{9A19103F-16F7-4668-BE54-9A1E7A4F7556}") = "RP.API", "RP.API\RP.API.csproj", "{C40FD7A6-EC2C-438A-BFF6-CD09625D931D}"
EndProject
Project("{2150E333-8FDC-42A3-9474-1A3956D46DE8}") = "Services", "Services", "{91CF7717-08AB-4E65-B10E-0B426F01E2E8}"
EndProject
Project("{2150E333-8FDC-42A3-9474-1A3956D46DE8}") = "Web Apps", "Web Apps", "{E279BF0F-7F66-4F3A-A3AB-2CDA66C1CD04}"
EndProject
Project("{2150E333-8FDC-42A3-9474-1A3956D46DE8}") = "Catalog", "Catalog", "{326A7FB3-5295-468C-A4FE-67DCB823E1E5}"
EndProject
Project("{2150E333-8FDC-42A3-9474-1A3956D46DE8}") = "Basket", "Basket", "{BF3EF4F3-E4F5-41DA-9D2D-57223687D1A8}"
EndProject
Project("{2150E333-8FDC-42A3-9474-1A3956D46DE8}") = "Ordering", "Ordering", "{0BD0DB92-2D98-44D9-9AC0-C59186D59B0B}"
EndProject
Project("{2150E333-8FDC-42A3-9474-1A3956D46DE8}") = "Identity", "Identity", "{24CD3B53-141E-4A07-9B0D-796641E1CF78}"
EndProject
Project("{9A19103F-16F7-4668-BE54-9A1E7A4F7556}") = "Basket.API", "Services\Basket\Basket.API\Basket.API.csproj", "{2110CBB0-3B38-4EE4-A743-DF6968D80D90}"
EndProject
Project("{9A19103F-16F7-4668-BE54-9A1E7A4F7556}") = "Catalog.API", "Services\Catalog\Catalog.API\Catalog.API.csproj", "{42681D9D-750A-4DF7-BD9F-9292CFD5C253}"
EndProject
Project("{9A19103F-16F7-4668-BE54-9A1E7A4F7556}") = "Ordering.API", "Services\Ordering\Ordering.API\Ordering.API.csproj", "{231226CE-690B-4979-8870-9A79D80928E2}"
EndProject
Project("{9A19103F-16F7-4668-BE54-9A1E7A4F7556}") = "Ordering.Domain", "Services\Ordering\Ordering.Domain\Ordering.Domain.csproj", "{F5598DCB-6DDE-4661-AD9D-A55612DA7E76}"
EndProject
Project("{9A19103F-16F7-4668-BE54-9A1E7A4F7556}") = "Identity.API", "Services\Identity\Identity.API\Identity.API.csproj", "{1C9A0BF0-61F1-4128-97B6-47D45E6B79CA}"
EndProject
Global
	GlobalSection(SolutionConfigurationPlatforms) = preSolution
		Debug|Any CPU = Debug|Any CPU
		Debug|x64 = Debug|x64
		Debug|x86 = Debug|x86
		Release|Any CPU = Release|Any CPU
		Release|x64 = Release|x64
		Release|x86 = Release|x86
	EndGlobalSection
	GlobalSection(ProjectConfigurationPlatforms) = postSolution
		{7D84EFEE-A7D9-44AD-A0A3-38EC7882D94C}.Debug|Any CPU.ActiveCfg = Debug|Any CPU
		{7D84EFEE-A7D9-44AD-A0A3-38EC7882D94C}.Debug|Any CPU.Build.0 = Debug|Any CPU
		{7D84EFEE-A7D9-44AD-A0A3-38EC7882D94C}.Debug|x64.ActiveCfg = Debug|Any CPU
		{7D84EFEE-A7D9-44AD-A0A3-38EC7882D94C}.Debug|x64.Build.0 = Debug|Any CPU
		{7D84EFEE-A7D9-44AD-A0A3-38EC7882D94C}.Debug|x86.ActiveCfg = Debug|Any CPU
		{7D84EFEE-A7D9-44AD-A0A3-38EC7882D94C}.Debug|x86.Build.0 = Debug|Any CPU
		{7D84EFEE-A7D9-44AD-A0A3-38EC7882D94C}.Release|Any CPU.ActiveCfg = Release|Any CPU
		{7D84EFEE-A7D9-44AD-A0A3-38EC7882D94C}.Release|Any CPU.Build.0 = Release|Any CPU
		{7D84EFEE-A7D9-44AD-A0A3-38EC7882D94C}.Release|x64.ActiveCfg = Release|Any CPU
		{7D84EFEE-A7D9-44AD-A0A3-38EC7882D94C}.Release|x64.Build.0 = Release|Any CPU
		{7D84EFEE-A7D9-44AD-A0A3-38EC7882D94C}.Release|x86.ActiveCfg = Release|Any CPU
		{7D84EFEE-A7D9-44AD-A0A3-38EC7882D94C}.Release|x86.Build.0 = Release|Any CPU
		{0776DC14-9000-47A4-A3F4-ECBCF8CEBC17}.Debug|Any CPU.ActiveCfg = Debug|Any CPU
		{0776DC14-9000-47A4-A3F4-ECBCF8CEBC17}.Debug|Any CPU.Build.0 = Debug|Any CPU
		{0776DC14-9000-47A4-A3F4-ECBCF8CEBC17}.Debug|x64.ActiveCfg = Debug|Any CPU
		{0776DC14-9000-47A4-A3F4-ECBCF8CEBC17}.Debug|x64.Build.0 = Debug|Any CPU
		{0776DC14-9000-47A4-A3F4-ECBCF8CEBC17}.Debug|x86.ActiveCfg = Debug|Any CPU
		{0776DC14-9000-47A4-A3F4-ECBCF8CEBC17}.Debug|x86.Build.0 = Debug|Any CPU
		{0776DC14-9000-47A4-A3F4-ECBCF8CEBC17}.Release|Any CPU.ActiveCfg = Release|Any CPU
		{0776DC14-9000-47A4-A3F4-ECBCF8CEBC17}.Release|Any CPU.Build.0 = Release|Any CPU
		{0776DC14-9000-47A4-A3F4-ECBCF8CEBC17}.Release|x64.ActiveCfg = Release|Any CPU
		{0776DC14-9000-47A4-A3F4-ECBCF8CEBC17}.Release|x64.Build.0 = Release|Any CPU
		{0776DC14-9000-47A4-A3F4-ECBCF8CEBC17}.Release|x86.ActiveCfg = Release|Any CPU
		{0776DC14-9000-47A4-A3F4-ECBCF8CEBC17}.Release|x86.Build.0 = Release|Any CPU
		{1DC7F5A0-DDF7-4975-84EB-05F4FC1B6AB5}.Debug|Any CPU.ActiveCfg = Debug|Any CPU
		{1DC7F5A0-DDF7-4975-84EB-05F4FC1B6AB5}.Debug|Any CPU.Build.0 = Debug|Any CPU
		{1DC7F5A0-DDF7-4975-84EB-05F4FC1B6AB5}.Debug|x64.ActiveCfg = Debug|Any CPU
		{1DC7F5A0-DDF7-4975-84EB-05F4FC1B6AB5}.Debug|x64.Build.0 = Debug|Any CPU
		{1DC7F5A0-DDF7-4975-84EB-05F4FC1B6AB5}.Debug|x86.ActiveCfg = Debug|Any CPU
		{1DC7F5A0-DDF7-4975-84EB-05F4FC1B6AB5}.Debug|x86.Build.0 = Debug|Any CPU
		{1DC7F5A0-DDF7-4975-84EB-05F4FC1B6AB5}.Release|Any CPU.ActiveCfg = Release|Any CPU
		{1DC7F5A0-DDF7-4975-84EB-05F4FC1B6AB5}.Release|Any CPU.Build.0 = Release|Any CPU
		{1DC7F5A0-DDF7-4975-84EB-05F4FC1B6AB5}.Release|x64.ActiveCfg = Release|Any CPU
		{1DC7F5A0-DDF7-4975-84EB-05F4FC1B6AB5}.Release|x64.Build.0 = Release|Any CPU
		{1DC7F5A0-DDF7-4975-84EB-05F4FC1B6AB5}.Release|x86.ActiveCfg = Release|Any CPU
		{1DC7F5A0-DDF7-4975-84EB-05F4FC1B6AB5}.Release|x86.Build.0 = Release|Any CPU
		{6D9B0B6D-221C-4D17-BB5F-EC7ECFED53C7}.Debug|Any CPU.ActiveCfg = Debug|Any CPU
		{6D9B0B6D-221C-4D17-BB5F-EC7ECFED53C7}.Debug|Any CPU.Build.0 = Debug|Any CPU
		{6D9B0B6D-221C-4D17-BB5F-EC7ECFED53C7}.Debug|x64.ActiveCfg = Debug|Any CPU
		{6D9B0B6D-221C-4D17-BB5F-EC7ECFED53C7}.Debug|x64.Build.0 = Debug|Any CPU
		{6D9B0B6D-221C-4D17-BB5F-EC7ECFED53C7}.Debug|x86.ActiveCfg = Debug|Any CPU
		{6D9B0B6D-221C-4D17-BB5F-EC7ECFED53C7}.Debug|x86.Build.0 = Debug|Any CPU
		{6D9B0B6D-221C-4D17-BB5F-EC7ECFED53C7}.Release|Any CPU.ActiveCfg = Release|Any CPU
		{6D9B0B6D-221C-4D17-BB5F-EC7ECFED53C7}.Release|Any CPU.Build.0 = Release|Any CPU
		{6D9B0B6D-221C-4D17-BB5F-EC7ECFED53C7}.Release|x64.ActiveCfg = Release|Any CPU
		{6D9B0B6D-221C-4D17-BB5F-EC7ECFED53C7}.Release|x64.Build.0 = Release|Any CPU
		{6D9B0B6D-221C-4D17-BB5F-EC7ECFED53C7}.Release|x86.ActiveCfg = Release|Any CPU
		{6D9B0B6D-221C-4D17-BB5F-EC7ECFED53C7}.Release|x86.Build.0 = Release|Any CPU
		{462D604D-97B7-4750-8AAD-C300218CD3F5}.Debug|Any CPU.ActiveCfg = Debug|Any CPU
		{462D604D-97B7-4750-8AAD-C300218CD3F5}.Debug|Any CPU.Build.0 = Debug|Any CPU
		{462D604D-97B7-4750-8AAD-C300218CD3F5}.Debug|x64.ActiveCfg = Debug|Any CPU
		{462D604D-97B7-4750-8AAD-C300218CD3F5}.Debug|x64.Build.0 = Debug|Any CPU
		{462D604D-97B7-4750-8AAD-C300218CD3F5}.Debug|x86.ActiveCfg = Debug|Any CPU
		{462D604D-97B7-4750-8AAD-C300218CD3F5}.Debug|x86.Build.0 = Debug|Any CPU
		{462D604D-97B7-4750-8AAD-C300218CD3F5}.Release|Any CPU.ActiveCfg = Release|Any CPU
		{462D604D-97B7-4750-8AAD-C300218CD3F5}.Release|Any CPU.Build.0 = Release|Any CPU
		{462D604D-97B7-4750-8AAD-C300218CD3F5}.Release|x64.ActiveCfg = Release|Any CPU
		{462D604D-97B7-4750-8AAD-C300218CD3F5}.Release|x64.Build.0 = Release|Any CPU
		{462D604D-97B7-4750-8AAD-C300218CD3F5}.Release|x86.ActiveCfg = Release|Any CPU
		{462D604D-97B7-4750-8AAD-C300218CD3F5}.Release|x86.Build.0 = Release|Any CPU
		{C40FD7A6-EC2C-438A-BFF6-CD09625D931D}.Debug|Any CPU.ActiveCfg = Debug|Any CPU
		{C40FD7A6-EC2C-438A-BFF6-CD09625D931D}.Debug|Any CPU.Build.0 = Debug|Any CPU
		{C40FD7A6-EC2C-438A-BFF6-CD09625D931D}.Debug|x64.ActiveCfg = Debug|Any CPU
		{C40FD7A6-EC2C-438A-BFF6-CD09625D931D}.Debug|x64.Build.0 = Debug|Any CPU
		{C40FD7A6-EC2C-438A-BFF6-CD09625D931D}.Debug|x86.ActiveCfg = Debug|Any CPU
		{C40FD7A6-EC2C-438A-BFF6-CD09625D931D}.Debug|x86.Build.0 = Debug|Any CPU
		{C40FD7A6-EC2C-438A-BFF6-CD09625D931D}.Release|Any CPU.ActiveCfg = Release|Any CPU
		{C40FD7A6-EC2C-438A-BFF6-CD09625D931D}.Release|Any CPU.Build.0 = Release|Any CPU
		{C40FD7A6-EC2C-438A-BFF6-CD09625D931D}.Release|x64.ActiveCfg = Release|Any CPU
		{C40FD7A6-EC2C-438A-BFF6-CD09625D931D}.Release|x64.Build.0 = Release|Any CPU
		{C40FD7A6-EC2C-438A-BFF6-CD09625D931D}.Release|x86.ActiveCfg = Release|Any CPU
		{C40FD7A6-EC2C-438A-BFF6-CD09625D931D}.Release|x86.Build.0 = Release|Any CPU
		{2110CBB0-3B38-4EE4-A743-DF6968D80D90}.Debug|Any CPU.ActiveCfg = Debug|Any CPU
		{2110CBB0-3B38-4EE4-A743-DF6968D80D90}.Debug|Any CPU.Build.0 = Debug|Any CPU
		{2110CBB0-3B38-4EE4-A743-DF6968D80D90}.Debug|x64.ActiveCfg = Debug|Any CPU
		{2110CBB0-3B38-4EE4-A743-DF6968D80D90}.Debug|x64.Build.0 = Debug|Any CPU
		{2110CBB0-3B38-4EE4-A743-DF6968D80D90}.Debug|x86.ActiveCfg = Debug|Any CPU
		{2110CBB0-3B38-4EE4-A743-DF6968D80D90}.Debug|x86.Build.0 = Debug|Any CPU
		{2110CBB0-3B38-4EE4-A743-DF6968D80D90}.Release|Any CPU.ActiveCfg = Release|Any CPU
		{2110CBB0-3B38-4EE4-A743-DF6968D80D90}.Release|Any CPU.Build.0 = Release|Any CPU
		{2110CBB0-3B38-4EE4-A743-DF6968D80D90}.Release|x64.ActiveCfg = Release|Any CPU
		{2110CBB0-3B38-4EE4-A743-DF6968D80D90}.Release|x64.Build.0 = Release|Any CPU
		{2110CBB0-3B38-4EE4-A743-DF6968D80D90}.Release|x86.ActiveCfg = Release|Any CPU
		{2110CBB0-3B38-4EE4-A743-DF6968D80D90}.Release|x86.Build.0 = Release|Any CPU
		{42681D9D-750A-4DF7-BD9F-9292CFD5C253}.Debug|Any CPU.ActiveCfg = Debug|Any CPU
		{42681D9D-750A-4DF7-BD9F-9292CFD5C253}.Debug|Any CPU.Build.0 = Debug|Any CPU
		{42681D9D-750A-4DF7-BD9F-9292CFD5C253}.Debug|x64.ActiveCfg = Debug|Any CPU
		{42681D9D-750A-4DF7-BD9F-9292CFD5C253}.Debug|x64.Build.0 = Debug|Any CPU
		{42681D9D-750A-4DF7-BD9F-9292CFD5C253}.Debug|x86.ActiveCfg = Debug|Any CPU
		{42681D9D-750A-4DF7-BD9F-9292CFD5C253}.Debug|x86.Build.0 = Debug|Any CPU
		{42681D9D-750A-4DF7-BD9F-9292CFD5C253}.Release|Any CPU.ActiveCfg = Release|Any CPU
		{42681D9D-750A-4DF7-BD9F-9292CFD5C253}.Release|Any CPU.Build.0 = Release|Any CPU
		{42681D9D-750A-4DF7-BD9F-9292CFD5C253}.Release|x64.ActiveCfg = Release|Any CPU
		{42681D9D-750A-4DF7-BD9F-9292CFD5C253}.Release|x64.Build.0 = Release|Any CPU
		{42681D9D-750A-4DF7-BD9F-9292CFD5C253}.Release|x86.ActiveCfg = Release|Any CPU
		{42681D9D-750A-4DF7-BD9F-9292CFD5C253}.Release|x86.Build.0 = Release|Any CPU
		{231226CE-690B-4979-8870-9A79D80928E2}.Debug|Any CPU.ActiveCfg = Debug|Any CPU
		{231226CE-690B-4979-8870-9A79D80928E2}.Debug|Any CPU.Build.0 = Debug|Any CPU
		{231226CE-690B-4979-8870-9A79D80928E2}.Debug|x64.ActiveCfg = Debug|Any CPU
		{231226CE-690B-4979-8870-9A79D80928E2}.Debug|x64.Build.0 = Debug|Any CPU
		{231226CE-690B-4979-8870-9A79D80928E2}.Debug|x86.ActiveCfg = Debug|Any CPU
		{231226CE-690B-4979-8870-9A79D80928E2}.Debug|x86.Build.0 = Debug|Any CPU
		{231226CE-690B-4979-8870-9A79D80928E2}.Release|Any CPU.ActiveCfg = Release|Any CPU
		{231226CE-690B-4979-8870-9A79D80928E2}.Release|Any CPU.Build.0 = Release|Any CPU
		{231226CE-690B-4979-8870-9A79D80928E2}.Release|x64.ActiveCfg = Release|Any CPU
		{231226CE-690B-4979-8870-9A79D80928E2}.Release|x64.Build.0 = Release|Any CPU
		{231226CE-690B-4979-8870-9A79D80928E2}.Release|x86.ActiveCfg = Release|Any CPU
		{231226CE-690B-4979-8870-9A79D80928E2}.Release|x86.Build.0 = Release|Any CPU
		{F5598DCB-6DDE-4661-AD9D-A55612DA7E76}.Debug|Any CPU.ActiveCfg = Debug|Any CPU
		{F5598DCB-6DDE-4661-AD9D-A55612DA7E76}.Debug|Any CPU.Build.0 = Debug|Any CPU
		{F5598DCB-6DDE-4661-AD9D-A55612DA7E76}.Debug|x64.ActiveCfg = Debug|Any CPU
		{F5598DCB-6DDE-4661-AD9D-A55612DA7E76}.Debug|x64.Build.0 = Debug|Any CPU
		{F5598DCB-6DDE-4661-AD9D-A55612DA7E76}.Debug|x86.ActiveCfg = Debug|Any CPU
		{F5598DCB-6DDE-4661-AD9D-A55612DA7E76}.Debug|x86.Build.0 = Debug|Any CPU
		{F5598DCB-6DDE-4661-AD9D-A55612DA7E76}.Release|Any CPU.ActiveCfg = Release|Any CPU
		{F5598DCB-6DDE-4661-AD9D-A55612DA7E76}.Release|Any CPU.Build.0 = Release|Any CPU
		{F5598DCB-6DDE-4661-AD9D-A55612DA7E76}.Release|x64.ActiveCfg = Release|Any CPU
		{F5598DCB-6DDE-4661-AD9D-A55612DA7E76}.Release|x64.Build.0 = Release|Any CPU
		{F5598DCB-6DDE-4661-AD9D-A55612DA7E76}.Release|x86.ActiveCfg = Release|Any CPU
		{F5598DCB-6DDE-4661-AD9D-A55612DA7E76}.Release|x86.Build.0 = Release|Any CPU
		{1C9A0BF0-61F1-4128-97B6-47D45E6B79CA}.Debug|Any CPU.ActiveCfg = Debug|Any CPU
		{1C9A0BF0-61F1-4128-97B6-47D45E6B79CA}.Debug|Any CPU.Build.0 = Debug|Any CPU
		{1C9A0BF0-61F1-4128-97B6-47D45E6B79CA}.Debug|x64.ActiveCfg = Debug|Any CPU
		{1C9A0BF0-61F1-4128-97B6-47D45E6B79CA}.Debug|x64.Build.0 = Debug|Any CPU
		{1C9A0BF0-61F1-4128-97B6-47D45E6B79CA}.Debug|x86.ActiveCfg = Debug|Any CPU
		{1C9A0BF0-61F1-4128-97B6-47D45E6B79CA}.Debug|x86.Build.0 = Debug|Any CPU
		{1C9A0BF0-61F1-4128-97B6-47D45E6B79CA}.Release|Any CPU.ActiveCfg = Release|Any CPU
		{1C9A0BF0-61F1-4128-97B6-47D45E6B79CA}.Release|Any CPU.Build.0 = Release|Any CPU
		{1C9A0BF0-61F1-4128-97B6-47D45E6B79CA}.Release|x64.ActiveCfg = Release|Any CPU
		{1C9A0BF0-61F1-4128-97B6-47D45E6B79CA}.Release|x64.Build.0 = Release|Any CPU
		{1C9A0BF0-61F1-4128-97B6-47D45E6B79CA}.Release|x86.ActiveCfg = Release|Any CPU
		{1C9A0BF0-61F1-4128-97B6-47D45E6B79CA}.Release|x86.Build.0 = Release|Any CPU
	EndGlobalSection
	GlobalSection(SolutionProperties) = preSolution
		HideSolutionNode = FALSE
	EndGlobalSection
	GlobalSection(NestedProjects) = preSolution
		{7D84EFEE-A7D9-44AD-A0A3-38EC7882D94C} = {B31B4797-1D9F-4288-808C-BE9A31A98C7D}
		{0776DC14-9000-47A4-A3F4-ECBCF8CEBC17} = {B31B4797-1D9F-4288-808C-BE9A31A98C7D}
		{1DC7F5A0-DDF7-4975-84EB-05F4FC1B6AB5} = {B31B4797-1D9F-4288-808C-BE9A31A98C7D}
		{326A7FB3-5295-468C-A4FE-67DCB823E1E5} = {91CF7717-08AB-4E65-B10E-0B426F01E2E8}
		{BF3EF4F3-E4F5-41DA-9D2D-57223687D1A8} = {91CF7717-08AB-4E65-B10E-0B426F01E2E8}
		{0BD0DB92-2D98-44D9-9AC0-C59186D59B0B} = {91CF7717-08AB-4E65-B10E-0B426F01E2E8}
		{24CD3B53-141E-4A07-9B0D-796641E1CF78} = {91CF7717-08AB-4E65-B10E-0B426F01E2E8}
		{2110CBB0-3B38-4EE4-A743-DF6968D80D90} = {BF3EF4F3-E4F5-41DA-9D2D-57223687D1A8}
		{42681D9D-750A-4DF7-BD9F-9292CFD5C253} = {326A7FB3-5295-468C-A4FE-67DCB823E1E5}
		{231226CE-690B-4979-8870-9A79D80928E2} = {0BD0DB92-2D98-44D9-9AC0-C59186D59B0B}
		{F5598DCB-6DDE-4661-AD9D-A55612DA7E76} = {0BD0DB92-2D98-44D9-9AC0-C59186D59B0B}
		{1C9A0BF0-61F1-4128-97B6-47D45E6B79CA} = {24CD3B53-141E-4A07-9B0D-796641E1CF78}
	EndGlobalSection
	GlobalSection(ExtensibilityGlobals) = postSolution
		SolutionGuid = {B0F19343-8185-4A9F-9165-0EA8544BC925}
	EndGlobalSection
EndGlobal
