
Microsoft Visual Studio Solution File, Format Version 12.00
# Visual Studio Version 17
VisualStudioVersion = 17.0.31903.59
MinimumVisualStudioVersion = 10.0.40219.1
Project("{9A19103F-16F7-4668-BE54-9A1E7A4F7556}") = "RP.API", "RP.API\RP.API.csproj", "{123CB7C1-86C3-4438-9EAD-37AD0C880D7A}"
EndProject
Project("{9A19103F-16F7-4668-BE54-9A1E7A4F7556}") = "RP.Testing", "RP.Testing\RP.Testing.csproj", "{07F803C1-8081-4EDE-A90F-D168E09DDD24}"
EndProject
Project("{9A19103F-16F7-4668-BE54-9A1E7A4F7556}") = "RP.Library", "RP.Library\RP.Library.csproj", "{B145A799-8A76-4A60-A731-0FE002F4FA41}"
EndProject
Project("{2150E333-8FDC-42A3-9474-1A3956D46DE8}") = "Solution Items", "Solution Items", "{E784A2D5-1AAD-4643-A7B5-97DB2B856CBB}"
	ProjectSection(SolutionItems) = preProject
		README.md = README.md
	EndProjectSection
EndProject
Global
	GlobalSection(SolutionConfigurationPlatforms) = preSolution
		Debug|Any CPU = Debug|Any CPU
		Release|Any CPU = Release|Any CPU
	EndGlobalSection
	GlobalSection(ProjectConfigurationPlatforms) = postSolution
		{123CB7C1-86C3-4438-9EAD-37AD0C880D7A}.Debug|Any CPU.ActiveCfg = Debug|Any CPU
		{123CB7C1-86C3-4438-9EAD-37AD0C880D7A}.Debug|Any CPU.Build.0 = Debug|Any CPU
		{123CB7C1-86C3-4438-9EAD-37AD0C880D7A}.Release|Any CPU.ActiveCfg = Release|Any CPU
		{123CB7C1-86C3-4438-9EAD-37AD0C880D7A}.Release|Any CPU.Build.0 = Release|Any CPU
		{07F803C1-8081-4EDE-A90F-D168E09DDD24}.Debug|Any CPU.ActiveCfg = Debug|Any CPU
		{07F803C1-8081-4EDE-A90F-D168E09DDD24}.Debug|Any CPU.Build.0 = Debug|Any CPU
		{07F803C1-8081-4EDE-A90F-D168E09DDD24}.Release|Any CPU.ActiveCfg = Release|Any CPU
		{07F803C1-8081-4EDE-A90F-D168E09DDD24}.Release|Any CPU.Build.0 = Release|Any CPU
		{B145A799-8A76-4A60-A731-0FE002F4FA41}.Debug|Any CPU.ActiveCfg = Debug|Any CPU
		{B145A799-8A76-4A60-A731-0FE002F4FA41}.Debug|Any CPU.Build.0 = Debug|Any CPU
		{B145A799-8A76-4A60-A731-0FE002F4FA41}.Release|Any CPU.ActiveCfg = Release|Any CPU
		{B145A799-8A76-4A60-A731-0FE002F4FA41}.Release|Any CPU.Build.0 = Release|Any CPU
	EndGlobalSection
	GlobalSection(SolutionProperties) = preSolution
		HideSolutionNode = FALSE
	EndGlobalSection
	GlobalSection(ExtensibilityGlobals) = postSolution
		SolutionGuid = {21907FF2-2119-42EF-9815-0942D2DE2F1B}
	EndGlobalSection
EndGlobal
